
Microsoft Visual Studio Solution File, Format Version 12.00
# Visual Studio Version 17
VisualStudioVersion = 17.10.35004.147
MinimumVisualStudioVersion = 10.0.40219.1
Project("{FAE04EC0-301F-11D3-BF4B-00C04F79EFBC}") = "QueryCSV", "QueryCSV\QueryCSV.csproj", "{07F1162A-27BB-4371-975F-91AD0C5F03CB}"
EndProject
Global
	GlobalSection(SolutionConfigurationPlatforms) = preSolution
		Debug|Any CPU = Debug|Any CPU
		Release|Any CPU = Release|Any CPU
	EndGlobalSection
	GlobalSection(ProjectConfigurationPlatforms) = postSolution
		{07F1162A-27BB-4371-975F-91AD0C5F03CB}.Debug|Any CPU.ActiveCfg = Debug|Any CPU
		{07F1162A-27BB-4371-975F-91AD0C5F03CB}.Debug|Any CPU.Build.0 = Debug|Any CPU
		{07F1162A-27BB-4371-975F-91AD0C5F03CB}.Release|Any CPU.ActiveCfg = Release|Any CPU
		{07F1162A-27BB-4371-975F-91AD0C5F03CB}.Release|Any CPU.Build.0 = Release|Any CPU
	EndGlobalSection
	GlobalSection(SolutionProperties) = preSolution
		HideSolutionNode = FALSE
	EndGlobalSection
	GlobalSection(ExtensibilityGlobals) = postSolution
		SolutionGuid = {8AC4ED18-2D5C-4FFC-AA24-8163F798CA34}
	EndGlobalSection
EndGlobal
